
Microsoft Visual Studio Solution File, Format Version 12.00
# Visual Studio Version 17
VisualStudioVersion = 17.13.35825.156 d17.13
MinimumVisualStudioVersion = 10.0.40219.1
Project("{2150E333-8FDC-42A3-9474-1A3956D46DE8}") = "1-FrontEnd", "1-FrontEnd", "{02EA681E-C7D8-13C7-8484-4AC65E1B71E8}"
EndProject
Project("{2150E333-8FDC-42A3-9474-1A3956D46DE8}") = "2-BackEnd", "2-BackEnd", "{687C805A-B0DA-450A-A64A-857FACD5F809}"
EndProject
Project("{FAE04EC0-301F-11D3-BF4B-00C04F79EFBC}") = "ColoradoGroupEvaluation.Api", "2-BackEnd\ColoradoGroupEvaluation.Api\ColoradoGroupEvaluation.Api\ColoradoGroupEvaluation.Api.csproj", "{1919B9FF-BFFB-4FEB-BEF4-E63C2FBD22BC}"
EndProject
Global
	GlobalSection(SolutionConfigurationPlatforms) = preSolution
		Debug|Any CPU = Debug|Any CPU
		Release|Any CPU = Release|Any CPU
	EndGlobalSection
	GlobalSection(ProjectConfigurationPlatforms) = postSolution
		{1919B9FF-BFFB-4FEB-BEF4-E63C2FBD22BC}.Debug|Any CPU.ActiveCfg = Debug|Any CPU
		{1919B9FF-BFFB-4FEB-BEF4-E63C2FBD22BC}.Debug|Any CPU.Build.0 = Debug|Any CPU
		{1919B9FF-BFFB-4FEB-BEF4-E63C2FBD22BC}.Release|Any CPU.ActiveCfg = Release|Any CPU
		{1919B9FF-BFFB-4FEB-BEF4-E63C2FBD22BC}.Release|Any CPU.Build.0 = Release|Any CPU
	EndGlobalSection
	GlobalSection(SolutionProperties) = preSolution
		HideSolutionNode = FALSE
	EndGlobalSection
	GlobalSection(NestedProjects) = preSolution
		{1919B9FF-BFFB-4FEB-BEF4-E63C2FBD22BC} = {687C805A-B0DA-450A-A64A-857FACD5F809}
	EndGlobalSection
	GlobalSection(ExtensibilityGlobals) = postSolution
		SolutionGuid = {8E5984C1-0519-45FD-98D1-733768DFE517}
	EndGlobalSection
EndGlobal
